
Microsoft Visual Studio Solution File, Format Version 12.00
# Visual Studio Version 17
VisualStudioVersion = 17.11.35327.3
MinimumVisualStudioVersion = 10.0.40219.1
Project("{FAE04EC0-301F-11D3-BF4B-00C04F79EFBC}") = "siparisyonetimuyg", "siparisyonetimuyg.csproj", "{61F99EC4-5091-44B5-9B79-0493E5A29062}"
EndProject
Global
	GlobalSection(SolutionConfigurationPlatforms) = preSolution
		Debug|Any CPU = Debug|Any CPU
		Release|Any CPU = Release|Any CPU
	EndGlobalSection
	GlobalSection(ProjectConfigurationPlatforms) = postSolution
		{61F99EC4-5091-44B5-9B79-0493E5A29062}.Debug|Any CPU.ActiveCfg = Debug|Any CPU
		{61F99EC4-5091-44B5-9B79-0493E5A29062}.Debug|Any CPU.Build.0 = Debug|Any CPU
		{61F99EC4-5091-44B5-9B79-0493E5A29062}.Release|Any CPU.ActiveCfg = Release|Any CPU
		{61F99EC4-5091-44B5-9B79-0493E5A29062}.Release|Any CPU.Build.0 = Release|Any CPU
	EndGlobalSection
	GlobalSection(SolutionProperties) = preSolution
		HideSolutionNode = FALSE
	EndGlobalSection
	GlobalSection(ExtensibilityGlobals) = postSolution
		SolutionGuid = {A376E406-835E-4650-8E0E-5D4CF58788AF}
	EndGlobalSection
EndGlobal
